
Microsoft Visual Studio Solution File, Format Version 12.00
# Visual Studio 2013
VisualStudioVersion = 12.0.30723.0
MinimumVisualStudioVersion = 10.0.40219.1
Project("{8BC9CEB8-8B4A-11D0-8D11-00A0C91BC942}") = "Date", "Date\Date.vcxproj", "{462640DA-E01B-4A55-B09E-FB39ED059A7C}"
EndProject
Project("{8BC9CEB8-8B4A-11D0-8D11-00A0C91BC942}") = "DateTests", "DateTests\DateTests.vcxproj", "{BF0A7B5D-5C21-497B-AB33-88C3CF9B7225}"
	ProjectSection(ProjectDependencies) = postProject
		{462640DA-E01B-4A55-B09E-FB39ED059A7C} = {462640DA-E01B-4A55-B09E-FB39ED059A7C}
	EndProjectSection
EndProject
Project("{8BC9CEB8-8B4A-11D0-8D11-00A0C91BC942}") = "Calendar", "Calendar\Calendar.vcxproj", "{CE2CAA86-2756-4092-818A-E4C31284DFEB}"
EndProject
Project("{8BC9CEB8-8B4A-11D0-8D11-00A0C91BC942}") = "DateTestKattisJulian", "DateTestKattisJulian\DateTestKattisJulian.vcxproj", "{60BA0625-FBE9-48BC-8008-7D182E65864A}"
	ProjectSection(ProjectDependencies) = postProject
		{462640DA-E01B-4A55-B09E-FB39ED059A7C} = {462640DA-E01B-4A55-B09E-FB39ED059A7C}
	EndProjectSection
EndProject
Project("{8BC9CEB8-8B4A-11D0-8D11-00A0C91BC942}") = "DateTestKattisGregorian", "DateTestKattisGregorian\DateTestKattisGregorian.vcxproj", "{A0D82736-3577-4E3F-A19B-A70E1D05C32A}"
	ProjectSection(ProjectDependencies) = postProject
		{462640DA-E01B-4A55-B09E-FB39ED059A7C} = {462640DA-E01B-4A55-B09E-FB39ED059A7C}
	EndProjectSection
EndProject
Project("{8BC9CEB8-8B4A-11D0-8D11-00A0C91BC942}") = "DateTestKattisGregorianJulian", "DateTestKattisGregorianJulian\DateTestKattisGregorianJulian.vcxproj", "{8D607D69-1BAE-4CC1-AD25-B3690F5D6358}"
	ProjectSection(ProjectDependencies) = postProject
		{462640DA-E01B-4A55-B09E-FB39ED059A7C} = {462640DA-E01B-4A55-B09E-FB39ED059A7C}
	EndProjectSection
EndProject
Global
	GlobalSection(SolutionConfigurationPlatforms) = preSolution
		Debug|Win32 = Debug|Win32
		Release|Win32 = Release|Win32
	EndGlobalSection
	GlobalSection(ProjectConfigurationPlatforms) = postSolution
		{462640DA-E01B-4A55-B09E-FB39ED059A7C}.Debug|Win32.ActiveCfg = Debug|Win32
		{462640DA-E01B-4A55-B09E-FB39ED059A7C}.Debug|Win32.Build.0 = Debug|Win32
		{462640DA-E01B-4A55-B09E-FB39ED059A7C}.Release|Win32.ActiveCfg = Release|Win32
		{462640DA-E01B-4A55-B09E-FB39ED059A7C}.Release|Win32.Build.0 = Release|Win32
		{BF0A7B5D-5C21-497B-AB33-88C3CF9B7225}.Debug|Win32.ActiveCfg = Debug|Win32
		{BF0A7B5D-5C21-497B-AB33-88C3CF9B7225}.Debug|Win32.Build.0 = Debug|Win32
		{BF0A7B5D-5C21-497B-AB33-88C3CF9B7225}.Release|Win32.ActiveCfg = Release|Win32
		{BF0A7B5D-5C21-497B-AB33-88C3CF9B7225}.Release|Win32.Build.0 = Release|Win32
		{CE2CAA86-2756-4092-818A-E4C31284DFEB}.Debug|Win32.ActiveCfg = Debug|Win32
		{CE2CAA86-2756-4092-818A-E4C31284DFEB}.Debug|Win32.Build.0 = Debug|Win32
		{CE2CAA86-2756-4092-818A-E4C31284DFEB}.Release|Win32.ActiveCfg = Release|Win32
		{CE2CAA86-2756-4092-818A-E4C31284DFEB}.Release|Win32.Build.0 = Release|Win32
		{60BA0625-FBE9-48BC-8008-7D182E65864A}.Debug|Win32.ActiveCfg = Debug|Win32
		{60BA0625-FBE9-48BC-8008-7D182E65864A}.Debug|Win32.Build.0 = Debug|Win32
		{60BA0625-FBE9-48BC-8008-7D182E65864A}.Release|Win32.ActiveCfg = Release|Win32
		{60BA0625-FBE9-48BC-8008-7D182E65864A}.Release|Win32.Build.0 = Release|Win32
		{A0D82736-3577-4E3F-A19B-A70E1D05C32A}.Debug|Win32.ActiveCfg = Debug|Win32
		{A0D82736-3577-4E3F-A19B-A70E1D05C32A}.Debug|Win32.Build.0 = Debug|Win32
		{A0D82736-3577-4E3F-A19B-A70E1D05C32A}.Release|Win32.ActiveCfg = Release|Win32
		{A0D82736-3577-4E3F-A19B-A70E1D05C32A}.Release|Win32.Build.0 = Release|Win32
		{8D607D69-1BAE-4CC1-AD25-B3690F5D6358}.Debug|Win32.ActiveCfg = Debug|Win32
		{8D607D69-1BAE-4CC1-AD25-B3690F5D6358}.Debug|Win32.Build.0 = Debug|Win32
		{8D607D69-1BAE-4CC1-AD25-B3690F5D6358}.Release|Win32.ActiveCfg = Release|Win32
		{8D607D69-1BAE-4CC1-AD25-B3690F5D6358}.Release|Win32.Build.0 = Release|Win32
	EndGlobalSection
	GlobalSection(SolutionProperties) = preSolution
		HideSolutionNode = FALSE
	EndGlobalSection
EndGlobal
